
Microsoft Visual Studio Solution File, Format Version 12.00
# Visual Studio Version 17
VisualStudioVersion = 17.8.34525.116
MinimumVisualStudioVersion = 10.0.40219.1
Project("{FAE04EC0-301F-11D3-BF4B-00C04F79EFBC}") = "BuscarCNPJ.Domain", "BuscarCNPJ.Domain\BuscarCNPJ.Domain.csproj", "{7B9CE5C2-684F-4C1A-91A1-74C52F7B70CB}"
EndProject
Project("{FAE04EC0-301F-11D3-BF4B-00C04F79EFBC}") = "BuscarCNPJ.Infra.Data", "BuscarCNPJ.Infra.Data\BuscarCNPJ.Infra.Data.csproj", "{CD75DBA2-D782-4685-B372-1CAEA62D22A4}"
EndProject
Project("{FAE04EC0-301F-11D3-BF4B-00C04F79EFBC}") = "BuscarCNPJ.WebApi", "BuscarCNPJ.WebApi\BuscarCNPJ.WebApi.csproj", "{057F85D4-0A85-4ED1-888E-87A2E7507D71}"
EndProject
Global
	GlobalSection(SolutionConfigurationPlatforms) = preSolution
		Debug|Any CPU = Debug|Any CPU
		Release|Any CPU = Release|Any CPU
	EndGlobalSection
	GlobalSection(ProjectConfigurationPlatforms) = postSolution
		{7B9CE5C2-684F-4C1A-91A1-74C52F7B70CB}.Debug|Any CPU.ActiveCfg = Debug|Any CPU
		{7B9CE5C2-684F-4C1A-91A1-74C52F7B70CB}.Debug|Any CPU.Build.0 = Debug|Any CPU
		{7B9CE5C2-684F-4C1A-91A1-74C52F7B70CB}.Release|Any CPU.ActiveCfg = Release|Any CPU
		{7B9CE5C2-684F-4C1A-91A1-74C52F7B70CB}.Release|Any CPU.Build.0 = Release|Any CPU
		{CD75DBA2-D782-4685-B372-1CAEA62D22A4}.Debug|Any CPU.ActiveCfg = Debug|Any CPU
		{CD75DBA2-D782-4685-B372-1CAEA62D22A4}.Debug|Any CPU.Build.0 = Debug|Any CPU
		{CD75DBA2-D782-4685-B372-1CAEA62D22A4}.Release|Any CPU.ActiveCfg = Release|Any CPU
		{CD75DBA2-D782-4685-B372-1CAEA62D22A4}.Release|Any CPU.Build.0 = Release|Any CPU
		{057F85D4-0A85-4ED1-888E-87A2E7507D71}.Debug|Any CPU.ActiveCfg = Debug|Any CPU
		{057F85D4-0A85-4ED1-888E-87A2E7507D71}.Debug|Any CPU.Build.0 = Debug|Any CPU
		{057F85D4-0A85-4ED1-888E-87A2E7507D71}.Release|Any CPU.ActiveCfg = Release|Any CPU
		{057F85D4-0A85-4ED1-888E-87A2E7507D71}.Release|Any CPU.Build.0 = Release|Any CPU
	EndGlobalSection
	GlobalSection(SolutionProperties) = preSolution
		HideSolutionNode = FALSE
	EndGlobalSection
	GlobalSection(ExtensibilityGlobals) = postSolution
		SolutionGuid = {BBFCD12F-94E4-49EA-A19A-3F57C24898ED}
	EndGlobalSection
EndGlobal
